
Microsoft Visual Studio Solution File, Format Version 12.00
# Visual Studio Version 17
VisualStudioVersion = 17.4.33110.190
MinimumVisualStudioVersion = 10.0.40219.1
Project("{FAE04EC0-301F-11D3-BF4B-00C04F79EFBC}") = "programm", "programm\programm.csproj", "{50971249-D4C8-409A-ABBD-EC96FF1B24BB}"
EndProject
Global
	GlobalSection(SolutionConfigurationPlatforms) = preSolution
		Debug|Any CPU = Debug|Any CPU
		Release|Any CPU = Release|Any CPU
	EndGlobalSection
	GlobalSection(ProjectConfigurationPlatforms) = postSolution
		{50971249-D4C8-409A-ABBD-EC96FF1B24BB}.Debug|Any CPU.ActiveCfg = Debug|Any CPU
		{50971249-D4C8-409A-ABBD-EC96FF1B24BB}.Debug|Any CPU.Build.0 = Debug|Any CPU
		{50971249-D4C8-409A-ABBD-EC96FF1B24BB}.Release|Any CPU.ActiveCfg = Release|Any CPU
		{50971249-D4C8-409A-ABBD-EC96FF1B24BB}.Release|Any CPU.Build.0 = Release|Any CPU
	EndGlobalSection
	GlobalSection(SolutionProperties) = preSolution
		HideSolutionNode = FALSE
	EndGlobalSection
	GlobalSection(ExtensibilityGlobals) = postSolution
		SolutionGuid = {4189CACD-BB8C-4AA5-9D46-250F51EEC8C0}
	EndGlobalSection
EndGlobal
